
Microsoft Visual Studio Solution File, Format Version 12.00
# Visual Studio Version 16
VisualStudioVersion = 16.0.30204.135
MinimumVisualStudioVersion = 10.0.40219.1
Project("{FAE04EC0-301F-11D3-BF4B-00C04F79EFBC}") = "sample_2_4", "sample_2_4\sample_2_4.csproj", "{ED3E586C-96DA-44F9-A88F-5FC64F0DED1F}"
EndProject
Global
	GlobalSection(SolutionConfigurationPlatforms) = preSolution
		Debug|Any CPU = Debug|Any CPU
		Release|Any CPU = Release|Any CPU
	EndGlobalSection
	GlobalSection(ProjectConfigurationPlatforms) = postSolution
		{ED3E586C-96DA-44F9-A88F-5FC64F0DED1F}.Debug|Any CPU.ActiveCfg = Debug|Any CPU
		{ED3E586C-96DA-44F9-A88F-5FC64F0DED1F}.Debug|Any CPU.Build.0 = Debug|Any CPU
		{ED3E586C-96DA-44F9-A88F-5FC64F0DED1F}.Release|Any CPU.ActiveCfg = Release|Any CPU
		{ED3E586C-96DA-44F9-A88F-5FC64F0DED1F}.Release|Any CPU.Build.0 = Release|Any CPU
	EndGlobalSection
	GlobalSection(SolutionProperties) = preSolution
		HideSolutionNode = FALSE
	EndGlobalSection
	GlobalSection(ExtensibilityGlobals) = postSolution
		SolutionGuid = {1D59742A-07FD-4F51-854D-291550FCA702}
	EndGlobalSection
EndGlobal
